
Microsoft Visual Studio Solution File, Format Version 12.00
# Visual Studio Version 17
VisualStudioVersion = 17.5.002.0
MinimumVisualStudioVersion = 10.0.40219.1
Project("{9A19103F-16F7-4668-BE54-9A1E7A4F7556}") = "IndetityExample", "IndetityExample\IndetityExample.csproj", "{6F588278-C9AB-48A2-BD62-4BE6CD0990D2}"
EndProject
Global
	GlobalSection(SolutionConfigurationPlatforms) = preSolution
		Debug|Any CPU = Debug|Any CPU
		Release|Any CPU = Release|Any CPU
	EndGlobalSection
	GlobalSection(ProjectConfigurationPlatforms) = postSolution
		{6F588278-C9AB-48A2-BD62-4BE6CD0990D2}.Debug|Any CPU.ActiveCfg = Debug|Any CPU
		{6F588278-C9AB-48A2-BD62-4BE6CD0990D2}.Debug|Any CPU.Build.0 = Debug|Any CPU
		{6F588278-C9AB-48A2-BD62-4BE6CD0990D2}.Release|Any CPU.ActiveCfg = Release|Any CPU
		{6F588278-C9AB-48A2-BD62-4BE6CD0990D2}.Release|Any CPU.Build.0 = Release|Any CPU
	EndGlobalSection
	GlobalSection(SolutionProperties) = preSolution
		HideSolutionNode = FALSE
	EndGlobalSection
	GlobalSection(ExtensibilityGlobals) = postSolution
		SolutionGuid = {F8C11B30-E617-4567-A1CA-E2AAB1F0F913}
	EndGlobalSection
EndGlobal
